// !$*UTF8*$!
{
	archiveVersion = 1;
	classes = {
	};
	objectVersion = 46;
	objects = {

/* Begin PBXBuildFile section */
		1A848A9306B147CF9D7D99BC /* Pods_UberTest.framework in Frameworks */ = {isa = PBXBuildFile; fileRef = 56787F94537225CFDFCAEF40 /* Pods_UberTest.framework */; };
		821CE6011F286BFD0096AD15 /* AppDelegate.swift in Sources */ = {isa = PBXBuildFile; fileRef = 821CE6001F286BFD0096AD15 /* AppDelegate.swift */; };
		821CE6031F286BFD0096AD15 /* ViewController.swift in Sources */ = {isa = PBXBuildFile; fileRef = 821CE6021F286BFD0096AD15 /* ViewController.swift */; };
		821CE6061F286BFD0096AD15 /* Main.storyboard in Resources */ = {isa = PBXBuildFile; fileRef = 821CE6041F286BFD0096AD15 /* Main.storyboard */; };
		821CE6081F286BFD0096AD15 /* Assets.xcassets in Resources */ = {isa = PBXBuildFile; fileRef = 821CE6071F286BFD0096AD15 /* Assets.xcassets */; };
		821CE60B1F286BFD0096AD15 /* LaunchScreen.storyboard in Resources */ = {isa = PBXBuildFile; fileRef = 821CE6091F286BFD0096AD15 /* LaunchScreen.storyboard */; };
		821CE6161F286BFD0096AD15 /* UberTestTests.swift in Sources */ = {isa = PBXBuildFile; fileRef = 821CE6151F286BFD0096AD15 /* UberTestTests.swift */; };
		821CE6211F286BFD0096AD15 /* UberTestUITests.swift in Sources */ = {isa = PBXBuildFile; fileRef = 821CE6201F286BFD0096AD15 /* UberTestUITests.swift */; };
/* End PBXBuildFile section */

/* Begin PBXContainerItemProxy section */
		821CE6121F286BFD0096AD15 /* PBXContainerItemProxy */ = {
			isa = PBXContainerItemProxy;
			containerPortal = 821CE5F51F286BFD0096AD15 /* Project object */;
			proxyType = 1;
			remoteGlobalIDString = 821CE5FC1F286BFD0096AD15;
			remoteInfo = UberTest;
		};
		821CE61D1F286BFD0096AD15 /* PBXContainerItemProxy */ = {
			isa = PBXContainerItemProxy;
			containerPortal = 821CE5F51F286BFD0096AD15 /* Project object */;
			proxyType = 1;
			remoteGlobalIDString = 821CE5FC1F286BFD0096AD15;
			remoteInfo = UberTest;
		};
/* End PBXContainerItemProxy section */

/* Begin PBXFileReference section */
		0227DF6EBFC0DC1335954DF5 /* Pods-UberTest.debug.xcconfig */ = {isa = PBXFileReference; includeInIndex = 1; lastKnownFileType = text.xcconfig; name = "Pods-UberTest.debug.xcconfig"; path = "Pods/Target Support Files/Pods-UberTest/Pods-UberTest.debug.xcconfig"; sourceTree = "<group>"; };
		2EDA697D128CF2F2B94B7C96 /* Pods-UberTest.release.xcconfig */ = {isa = PBXFileReference; includeInIndex = 1; lastKnownFileType = text.xcconfig; name = "Pods-UberTest.release.xcconfig"; path = "Pods/Target Support Files/Pods-UberTest/Pods-UberTest.release.xcconfig"; sourceTree = "<group>"; };
		56787F94537225CFDFCAEF40 /* Pods_UberTest.framework */ = {isa = PBXFileReference; explicitFileType = wrapper.framework; includeInIndex = 0; path = Pods_UberTest.framework; sourceTree = BUILT_PRODUCTS_DIR; };
		821CE5FD1F286BFD0096AD15 /* UberTest.app */ = {isa = PBXFileReference; explicitFileType = wrapper.application; includeInIndex = 0; path = UberTest.app; sourceTree = BUILT_PRODUCTS_DIR; };
		821CE6001F286BFD0096AD15 /* AppDelegate.swift */ = {isa = PBXFileReference; lastKnownFileType = sourcecode.swift; path = AppDelegate.swift; sourceTree = "<group>"; };
		821CE6021F286BFD0096AD15 /* ViewController.swift */ = {isa = PBXFileReference; lastKnownFileType = sourcecode.swift; path = ViewController.swift; sourceTree = "<group>"; };
		821CE6051F286BFD0096AD15 /* Base */ = {isa = PBXFileReference; lastKnownFileType = file.storyboard; name = Base; path = Base.lproj/Main.storyboard; sourceTree = "<group>"; };
		821CE6071F286BFD0096AD15 /* Assets.xcassets */ = {isa = PBXFileReference; lastKnownFileType = folder.assetcatalog; path = Assets.xcassets; sourceTree = "<group>"; };
		821CE60A1F286BFD0096AD15 /* Base */ = {isa = PBXFileReference; lastKnownFileType = file.storyboard; name = Base; path = Base.lproj/LaunchScreen.storyboard; sourceTree = "<group>"; };
		821CE60C1F286BFD0096AD15 /* Info.plist */ = {isa = PBXFileReference; lastKnownFileType = text.plist.xml; path = Info.plist; sourceTree = "<group>"; };
		821CE6111F286BFD0096AD15 /* UberTestTests.xctest */ = {isa = PBXFileReference; explicitFileType = wrapper.cfbundle; includeInIndex = 0; path = UberTestTests.xctest; sourceTree = BUILT_PRODUCTS_DIR; };
		821CE6151F286BFD0096AD15 /* UberTestTests.swift */ = {isa = PBXFileReference; lastKnownFileType = sourcecode.swift; path = UberTestTests.swift; sourceTree = "<group>"; };
		821CE6171F286BFD0096AD15 /* Info.plist */ = {isa = PBXFileReference; lastKnownFileType = text.plist.xml; path = Info.plist; sourceTree = "<group>"; };
		821CE61C1F286BFD0096AD15 /* UberTestUITests.xctest */ = {isa = PBXFileReference; explicitFileType = wrapper.cfbundle; includeInIndex = 0; path = UberTestUITests.xctest; sourceTree = BUILT_PRODUCTS_DIR; };
		821CE6201F286BFD0096AD15 /* UberTestUITests.swift */ = {isa = PBXFileReference; lastKnownFileType = sourcecode.swift; path = UberTestUITests.swift; sourceTree = "<group>"; };
		821CE6221F286BFD0096AD15 /* Info.plist */ = {isa = PBXFileReference; lastKnownFileType = text.plist.xml; path = Info.plist; sourceTree = "<group>"; };
		CA9E8E28F5CADB15F32347FE /* Pods_UberTestUITests.framework */ = {isa = PBXFileReference; explicitFileType = wrapper.framework; includeInIndex = 0; path = Pods_UberTestUITests.framework; sourceTree = BUILT_PRODUCTS_DIR; };
		D232475D23C59CFF8F3FBDEB /* Pods_UberTestTests.framework */ = {isa = PBXFileReference; explicitFileType = wrapper.framework; includeInIndex = 0; path = Pods_UberTestTests.framework; sourceTree = BUILT_PRODUCTS_DIR; };
/* End PBXFileReference section */

/* Begin PBXFrameworksBuildPhase section */
		821CE5FA1F286BFD0096AD15 /* Frameworks */ = {
			isa = PBXFrameworksBuildPhase;
			buildActionMask = 2147483647;
			files = (
				1A848A9306B147CF9D7D99BC /* Pods_UberTest.framework in Frameworks */,
			);
			runOnlyForDeploymentPostprocessing = 0;
		};
		821CE60E1F286BFD0096AD15 /* Frameworks */ = {
			isa = PBXFrameworksBuildPhase;
			buildActionMask = 2147483647;
			files = (
			);
			runOnlyForDeploymentPostprocessing = 0;
		};
		821CE6191F286BFD0096AD15 /* Frameworks */ = {
			isa = PBXFrameworksBuildPhase;
			buildActionMask = 2147483647;
			files = (
			);
			runOnlyForDeploymentPostprocessing = 0;
		};
/* End PBXFrameworksBuildPhase section */

/* Begin PBXGroup section */
		5FEEB5A27E1B61E6B7C01299 /* Pods */ = {
			isa = PBXGroup;
			children = (
				0227DF6EBFC0DC1335954DF5 /* Pods-UberTest.debug.xcconfig */,
				2EDA697D128CF2F2B94B7C96 /* Pods-UberTest.release.xcconfig */,
			);
			name = Pods;
			sourceTree = "<group>";
		};
		634CF381970359223BE1F43D /* Frameworks */ = {
			isa = PBXGroup;
			children = (
				56787F94537225CFDFCAEF40 /* Pods_UberTest.framework */,
				D232475D23C59CFF8F3FBDEB /* Pods_UberTestTests.framework */,
				CA9E8E28F5CADB15F32347FE /* Pods_UberTestUITests.framework */,
			);
			name = Frameworks;
			sourceTree = "<group>";
		};
		821CE5F41F286BFD0096AD15 = {
			isa = PBXGroup;
			children = (
				821CE5FF1F286BFD0096AD15 /* UberTest */,
				821CE6141F286BFD0096AD15 /* UberTestTests */,
				821CE61F1F286BFD0096AD15 /* UberTestUITests */,
				5FEEB5A27E1B61E6B7C01299 /* Pods */,
				634CF381970359223BE1F43D /* Frameworks */,
			);
			sourceTree = "<group>";
		};
		821CE5FE1F286BFD0096AD15 /* Products */ = {
			isa = PBXGroup;
			children = (
				821CE5FD1F286BFD0096AD15 /* UberTest.app */,
				821CE6111F286BFD0096AD15 /* UberTestTests.xctest */,
				821CE61C1F286BFD0096AD15 /* UberTestUITests.xctest */,
			);
			name = Products;
			path = ..;
			sourceTree = "<group>";
		};
		821CE5FF1F286BFD0096AD15 /* UberTest */ = {
			isa = PBXGroup;
			children = (
				821CE6001F286BFD0096AD15 /* AppDelegate.swift */,
				821CE6021F286BFD0096AD15 /* ViewController.swift */,
				821CE6041F286BFD0096AD15 /* Main.storyboard */,
				821CE6071F286BFD0096AD15 /* Assets.xcassets */,
				821CE6091F286BFD0096AD15 /* LaunchScreen.storyboard */,
				821CE60C1F286BFD0096AD15 /* Info.plist */,
				821CE5FE1F286BFD0096AD15 /* Products */,
			);
			path = UberTest;
			sourceTree = "<group>";
		};
		821CE6141F286BFD0096AD15 /* UberTestTests */ = {
			isa = PBXGroup;
			children = (
				821CE6151F286BFD0096AD15 /* UberTestTests.swift */,
				821CE6171F286BFD0096AD15 /* Info.plist */,
			);
			path = UberTestTests;
			sourceTree = "<group>";
		};
		821CE61F1F286BFD0096AD15 /* UberTestUITests */ = {
			isa = PBXGroup;
			children = (
				821CE6201F286BFD0096AD15 /* UberTestUITests.swift */,
				821CE6221F286BFD0096AD15 /* Info.plist */,
			);
			path = UberTestUITests;
			sourceTree = "<group>";
		};
/* End PBXGroup section */

/* Begin PBXNativeTarget section */
		821CE5FC1F286BFD0096AD15 /* UberTest */ = {
			isa = PBXNativeTarget;
			buildConfigurationList = 821CE6251F286BFD0096AD15 /* Build configuration list for PBXNativeTarget "UberTest" */;
			buildPhases = (
				2398D4D10529595DB4E4C696 /* [CP] Check Pods Manifest.lock */,
				821CE5F91F286BFD0096AD15 /* Sources */,
				821CE5FA1F286BFD0096AD15 /* Frameworks */,
				821CE5FB1F286BFD0096AD15 /* Resources */,
				5619DDBDC22C6136AB5F2366 /* [CP] Embed Pods Frameworks */,
				8A73FD3087FE738FC84715DE /* [CP] Copy Pods Resources */,
			);
			buildRules = (
			);
			dependencies = (
			);
			name = UberTest;
			productName = UberTest;
			productReference = 821CE5FD1F286BFD0096AD15 /* UberTest.app */;
			productType = "com.apple.product-type.application";
		};
		821CE6101F286BFD0096AD15 /* UberTestTests */ = {
			isa = PBXNativeTarget;
			buildConfigurationList = 821CE6281F286BFD0096AD15 /* Build configuration list for PBXNativeTarget "UberTestTests" */;
			buildPhases = (
				821CE60D1F286BFD0096AD15 /* Sources */,
				821CE60E1F286BFD0096AD15 /* Frameworks */,
				821CE60F1F286BFD0096AD15 /* Resources */,
			);
			buildRules = (
			);
			dependencies = (
				821CE6131F286BFD0096AD15 /* PBXTargetDependency */,
			);
			name = UberTestTests;
			productName = UberTestTests;
			productReference = 821CE6111F286BFD0096AD15 /* UberTestTests.xctest */;
			productType = "com.apple.product-type.bundle.unit-test";
		};
		821CE61B1F286BFD0096AD15 /* UberTestUITests */ = {
			isa = PBXNativeTarget;
			buildConfigurationList = 821CE62B1F286BFD0096AD15 /* Build configuration list for PBXNativeTarget "UberTestUITests" */;
			buildPhases = (
				821CE6181F286BFD0096AD15 /* Sources */,
				821CE6191F286BFD0096AD15 /* Frameworks */,
				821CE61A1F286BFD0096AD15 /* Resources */,
			);
			buildRules = (
			);
			dependencies = (
				821CE61E1F286BFD0096AD15 /* PBXTargetDependency */,
			);
			name = UberTestUITests;
			productName = UberTestUITests;
			productReference = 821CE61C1F286BFD0096AD15 /* UberTestUITests.xctest */;
			productType = "com.apple.product-type.bundle.ui-testing";
		};
/* End PBXNativeTarget section */

/* Begin PBXProject section */
		821CE5F51F286BFD0096AD15 /* Project object */ = {
			isa = PBXProject;
			attributes = {
				LastSwiftUpdateCheck = 0830;
				LastUpgradeCheck = 0830;
				ORGANIZATIONNAME = "辛忠翰";
				TargetAttributes = {
					821CE5FC1F286BFD0096AD15 = {
						CreatedOnToolsVersion = 8.3.3;
						DevelopmentTeam = ZY929FY943;
						ProvisioningStyle = Automatic;
					};
					821CE6101F286BFD0096AD15 = {
						CreatedOnToolsVersion = 8.3.3;
						DevelopmentTeam = ZY929FY943;
						ProvisioningStyle = Automatic;
						TestTargetID = 821CE5FC1F286BFD0096AD15;
					};
					821CE61B1F286BFD0096AD15 = {
						CreatedOnToolsVersion = 8.3.3;
						DevelopmentTeam = ZY929FY943;
						ProvisioningStyle = Automatic;
						TestTargetID = 821CE5FC1F286BFD0096AD15;
					};
				};
			};
			buildConfigurationList = 821CE5F81F286BFD0096AD15 /* Build configuration list for PBXProject "UberTest" */;
			compatibilityVersion = "Xcode 3.2";
			developmentRegion = English;
			hasScannedForEncodings = 0;
			knownRegions = (
				en,
				Base,
			);
			mainGroup = 821CE5F41F286BFD0096AD15;
			productRefGroup = 821CE5FE1F286BFD0096AD15 /* Products */;
			projectDirPath = "";
			projectRoot = "";
			targets = (
				821CE5FC1F286BFD0096AD15 /* UberTest */,
				821CE6101F286BFD0096AD15 /* UberTestTests */,
				821CE61B1F286BFD0096AD15 /* UberTestUITests */,
			);
		};
/* End PBXProject section */

/* Begin PBXResourcesBuildPhase section */
		821CE5FB1F286BFD0096AD15 /* Resources */ = {
			isa = PBXResourcesBuildPhase;
			buildActionMask = 2147483647;
			files = (
				821CE60B1F286BFD0096AD15 /* LaunchScreen.storyboard in Resources */,
				821CE6081F286BFD0096AD15 /* Assets.xcassets in Resources */,
				821CE6061F286BFD0096AD15 /* Main.storyboard in Resources */,
			);
			runOnlyForDeploymentPostprocessing = 0;
		};
		821CE60F1F286BFD0096AD15 /* Resources */ = {
			isa = PBXResourcesBuildPhase;
			buildActionMask = 2147483647;
			files = (
			);
			runOnlyForDeploymentPostprocessing = 0;
		};
		821CE61A1F286BFD0096AD15 /* Resources */ = {
			isa = PBXResourcesBuildPhase;
			buildActionMask = 2147483647;
			files = (
			);
			runOnlyForDeploymentPostprocessing = 0;
		};
/* End PBXResourcesBuildPhase section */

/* Begin PBXShellScriptBuildPhase section */
		2398D4D10529595DB4E4C696 /* [CP] Check Pods Manifest.lock */ = {
			isa = PBXShellScriptBuildPhase;
			buildActionMask = 2147483647;
			files = (
			);
			inputPaths = (
				"${PODS_PODFILE_DIR_PATH}/Podfile.lock",
				"${PODS_ROOT}/Manifest.lock",
			);
			name = "[CP] Check Pods Manifest.lock";
			outputPaths = (
				"$(DERIVED_FILE_DIR)/Pods-UberTest-checkManifestLockResult.txt",
			);
			runOnlyForDeploymentPostprocessing = 0;
			shellPath = /bin/sh;
			shellScript = "diff \"${PODS_PODFILE_DIR_PATH}/Podfile.lock\" \"${PODS_ROOT}/Manifest.lock\" > /dev/null\nif [ $? != 0 ] ; then\n    # print error to STDERR\n    echo \"error: The sandbox is not in sync with the Podfile.lock. Run 'pod install' or update your CocoaPods installation.\" >&2\n    exit 1\nfi\n# This output is used by Xcode 'outputs' to avoid re-running this script phase.\necho \"SUCCESS\" > \"${SCRIPT_OUTPUT_FILE_0}\"\n";
			showEnvVarsInLog = 0;
		};
		5619DDBDC22C6136AB5F2366 /* [CP] Embed Pods Frameworks */ = {
			isa = PBXShellScriptBuildPhase;
			buildActionMask = 2147483647;
			files = (
			);
			inputPaths = (
				"${SRCROOT}/Pods/Target Support Files/Pods-UberTest/Pods-UberTest-frameworks.sh",
				"${BUILT_PRODUCTS_DIR}/ObjectMapper/ObjectMapper.framework",
				"${BUILT_PRODUCTS_DIR}/UberRides/UberRides.framework",
			);
			name = "[CP] Embed Pods Frameworks";
			outputPaths = (
				"${TARGET_BUILD_DIR}/${FRAMEWORKS_FOLDER_PATH}/ObjectMapper.framework",
				"${TARGET_BUILD_DIR}/${FRAMEWORKS_FOLDER_PATH}/UberRides.framework",
			);
			runOnlyForDeploymentPostprocessing = 0;
			shellPath = /bin/sh;
			shellScript = "\"${SRCROOT}/Pods/Target Support Files/Pods-UberTest/Pods-UberTest-frameworks.sh\"\n";
			showEnvVarsInLog = 0;
		};
		8A73FD3087FE738FC84715DE /* [CP] Copy Pods Resources */ = {
			isa = PBXShellScriptBuildPhase;
			buildActionMask = 2147483647;
			files = (
			);
			inputPaths = (
			);
			name = "[CP] Copy Pods Resources";
			outputPaths = (
			);
			runOnlyForDeploymentPostprocessing = 0;
			shellPath = /bin/sh;
			shellScript = "\"${SRCROOT}/Pods/Target Support Files/Pods-UberTest/Pods-UberTest-resources.sh\"\n";
			showEnvVarsInLog = 0;
		};
/* End PBXShellScriptBuildPhase section */

/* Begin PBXSourcesBuildPhase section */
		821CE5F91F286BFD0096AD15 /* Sources */ = {
			isa = PBXSourcesBuildPhase;
			buildActionMask = 2147483647;
			files = (
				821CE6031F286BFD0096AD15 /* ViewController.swift in Sources */,
				821CE6011F286BFD0096AD15 /* AppDelegate.swift in Sources */,
			);
			runOnlyForDeploymentPostprocessing = 0;
		};
		821CE60D1F286BFD0096AD15 /* Sources */ = {
			isa = PBXSourcesBuildPhase;
			buildActionMask = 2147483647;
			files = (
				821CE6161F286BFD0096AD15 /* UberTestTests.swift in Sources */,
			);
			runOnlyForDeploymentPostprocessing = 0;
		};
		821CE6181F286BFD0096AD15 /* Sources */ = {
			isa = PBXSourcesBuildPhase;
			buildActionMask = 2147483647;
			files = (
				821CE6211F286BFD0096AD15 /* UberTestUITests.swift in Sources */,
			);
			runOnlyForDeploymentPostprocessing = 0;
		};
/* End PBXSourcesBuildPhase section */

/* Begin PBXTargetDependency section */
		821CE6131F286BFD0096AD15 /* PBXTargetDependency */ = {
			isa = PBXTargetDependency;
			target = 821CE5FC1F286BFD0096AD15 /* UberTest */;
			targetProxy = 821CE6121F286BFD0096AD15 /* PBXContainerItemProxy */;
		};
		821CE61E1F286BFD0096AD15 /* PBXTargetDependency */ = {
			isa = PBXTargetDependency;
			target = 821CE5FC1F286BFD0096AD15 /* UberTest */;
			targetProxy = 821CE61D1F286BFD0096AD15 /* PBXContainerItemProxy */;
		};
/* End PBXTargetDependency section */

/* Begin PBXVariantGroup section */
		821CE6041F286BFD0096AD15 /* Main.storyboard */ = {
			isa = PBXVariantGroup;
			children = (
				821CE6051F286BFD0096AD15 /* Base */,
			);
			name = Main.storyboard;
			sourceTree = "<group>";
		};
		821CE6091F286BFD0096AD15 /* LaunchScreen.storyboard */ = {
			isa = PBXVariantGroup;
			children = (
				821CE60A1F286BFD0096AD15 /* Base */,
			);
			name = LaunchScreen.storyboard;
			sourceTree = "<group>";
		};
/* End PBXVariantGroup section */

/* Begin XCBuildConfiguration section */
		821CE6231F286BFD0096AD15 /* Debug */ = {
			isa = XCBuildConfiguration;
			buildSettings = {
				ALWAYS_SEARCH_USER_PATHS = NO;
				CLANG_ANALYZER_NONNULL = YES;
				CLANG_ANALYZER_NUMBER_OBJECT_CONVERSION = YES_AGGRESSIVE;
				CLANG_CXX_LANGUAGE_STANDARD = "gnu++0x";
				CLANG_CXX_LIBRARY = "libc++";
				CLANG_ENABLE_MODULES = YES;
				CLANG_ENABLE_OBJC_ARC = YES;
				CLANG_WARN_BOOL_CONVERSION = YES;
				CLANG_WARN_CONSTANT_CONVERSION = YES;
				CLANG_WARN_DIRECT_OBJC_ISA_USAGE = YES_ERROR;
				CLANG_WARN_DOCUMENTATION_COMMENTS = YES;
				CLANG_WARN_EMPTY_BODY = YES;
				CLANG_WARN_ENUM_CONVERSION = YES;
				CLANG_WARN_INFINITE_RECURSION = YES;
				CLANG_WARN_INT_CONVERSION = YES;
				CLANG_WARN_OBJC_ROOT_CLASS = YES_ERROR;
				CLANG_WARN_SUSPICIOUS_MOVE = YES;
				CLANG_WARN_UNREACHABLE_CODE = YES;
				CLANG_WARN__DUPLICATE_METHOD_MATCH = YES;
				"CODE_SIGN_IDENTITY[sdk=iphoneos*]" = "iPhone Developer";
				COPY_PHASE_STRIP = NO;
				DEBUG_INFORMATION_FORMAT = dwarf;
				ENABLE_STRICT_OBJC_MSGSEND = YES;
				ENABLE_TESTABILITY = YES;
				GCC_C_LANGUAGE_STANDARD = gnu99;
				GCC_DYNAMIC_NO_PIC = NO;
				GCC_NO_COMMON_BLOCKS = YES;
				GCC_OPTIMIZATION_LEVEL = 0;
				GCC_PREPROCESSOR_DEFINITIONS = (
					"DEBUG=1",
					"$(inherited)",
				);
				GCC_WARN_64_TO_32_BIT_CONVERSION = YES;
				GCC_WARN_ABOUT_RETURN_TYPE = YES_ERROR;
				GCC_WARN_UNDECLARED_SELECTOR = YES;
				GCC_WARN_UNINITIALIZED_AUTOS = YES_AGGRESSIVE;
				GCC_WARN_UNUSED_FUNCTION = YES;
				GCC_WARN_UNUSED_VARIABLE = YES;
				IPHONEOS_DEPLOYMENT_TARGET = 10.3;
				MTL_ENABLE_DEBUG_INFO = YES;
				ONLY_ACTIVE_ARCH = YES;
				SDKROOT = iphoneos;
				SWIFT_ACTIVE_COMPILATION_CONDITIONS = DEBUG;
				SWIFT_OPTIMIZATION_LEVEL = "-Onone";
				TARGETED_DEVICE_FAMILY = "1,2";
			};
			name = Debug;
		};
		821CE6241F286BFD0096AD15 /* Release */ = {
			isa = XCBuildConfiguration;
			buildSettings = {
				ALWAYS_SEARCH_USER_PATHS = NO;
				CLANG_ANALYZER_NONNULL = YES;
				CLANG_ANALYZER_NUMBER_OBJECT_CONVERSION = YES_AGGRESSIVE;
				CLANG_CXX_LANGUAGE_STANDARD = "gnu++0x";
				CLANG_CXX_LIBRARY = "libc++";
				CLANG_ENABLE_MODULES = YES;
				CLANG_ENABLE_OBJC_ARC = YES;
				CLANG_WARN_BOOL_CONVERSION = YES;
				CLANG_WARN_CONSTANT_CONVERSION = YES;
				CLANG_WARN_DIRECT_OBJC_ISA_USAGE = YES_ERROR;
				CLANG_WARN_DOCUMENTATION_COMMENTS = YES;
				CLANG_WARN_EMPTY_BODY = YES;
				CLANG_WARN_ENUM_CONVERSION = YES;
				CLANG_WARN_INFINITE_RECURSION = YES;
				CLANG_WARN_INT_CONVERSION = YES;
				CLANG_WARN_OBJC_ROOT_CLASS = YES_ERROR;
				CLANG_WARN_SUSPICIOUS_MOVE = YES;
				CLANG_WARN_UNREACHABLE_CODE = YES;
				CLANG_WARN__DUPLICATE_METHOD_MATCH = YES;
				"CODE_SIGN_IDENTITY[sdk=iphoneos*]" = "iPhone Developer";
				COPY_PHASE_STRIP = NO;
				DEBUG_INFORMATION_FORMAT = "dwarf-with-dsym";
				ENABLE_NS_ASSERTIONS = NO;
				ENABLE_STRICT_OBJC_MSGSEND = YES;
				GCC_C_LANGUAGE_STANDARD = gnu99;
				GCC_NO_COMMON_BLOCKS = YES;
				GCC_WARN_64_TO_32_BIT_CONVERSION = YES;
				GCC_WARN_ABOUT_RETURN_TYPE = YES_ERROR;
				GCC_WARN_UNDECLARED_SELECTOR = YES;
				GCC_WARN_UNINITIALIZED_AUTOS = YES_AGGRESSIVE;
				GCC_WARN_UNUSED_FUNCTION = YES;
				GCC_WARN_UNUSED_VARIABLE = YES;
				IPHONEOS_DEPLOYMENT_TARGET = 10.3;
				MTL_ENABLE_DEBUG_INFO = NO;
				SDKROOT = iphoneos;
				SWIFT_OPTIMIZATION_LEVEL = "-Owholemodule";
				TARGETED_DEVICE_FAMILY = "1,2";
				VALIDATE_PRODUCT = YES;
			};
			name = Release;
		};
		821CE6261F286BFD0096AD15 /* Debug */ = {
			isa = XCBuildConfiguration;
			baseConfigurationReference = 0227DF6EBFC0DC1335954DF5 /* Pods-UberTest.debug.xcconfig */;
			buildSettings = {
				ASSETCATALOG_COMPILER_APPICON_NAME = AppIcon;
				DEVELOPMENT_TEAM = ZY929FY943;
				INFOPLIST_FILE = UberTest/Info.plist;
				LD_RUNPATH_SEARCH_PATHS = "$(inherited) @executable_path/Frameworks";
				PRODUCT_BUNDLE_IDENTIFIER = cool.app.com.UberTest;
				PRODUCT_NAME = "$(TARGET_NAME)";
				SWIFT_VERSION = 3.0;
			};
			name = Debug;
		};
		821CE6271F286BFD0096AD15 /* Release */ = {
			isa = XCBuildConfiguration;
			baseConfigurationReference = 2EDA697D128CF2F2B94B7C96 /* Pods-UberTest.release.xcconfig */;
			buildSettings = {
				ASSETCATALOG_COMPILER_APPICON_NAME = AppIcon;
				DEVELOPMENT_TEAM = ZY929FY943;
				INFOPLIST_FILE = UberTest/Info.plist;
				LD_RUNPATH_SEARCH_PATHS = "$(inherited) @executable_path/Frameworks";
				PRODUCT_BUNDLE_IDENTIFIER = cool.app.com.UberTest;
				PRODUCT_NAME = "$(TARGET_NAME)";
				SWIFT_VERSION = 3.0;
			};
			name = Release;
		};
		821CE6291F286BFD0096AD15 /* Debug */ = {
			isa = XCBuildConfiguration;
			buildSettings = {
				ALWAYS_EMBED_SWIFT_STANDARD_LIBRARIES = YES;
				BUNDLE_LOADER = "$(TEST_HOST)";
				DEVELOPMENT_TEAM = ZY929FY943;
				INFOPLIST_FILE = UberTestTests/Info.plist;
				LD_RUNPATH_SEARCH_PATHS = "$(inherited) @executable_path/Frameworks @loader_path/Frameworks";
				PRODUCT_BUNDLE_IDENTIFIER = cool.app.com.UberTestTests;
				PRODUCT_NAME = "$(TARGET_NAME)";
				SWIFT_VERSION = 3.0;
				TEST_HOST = "$(BUILT_PRODUCTS_DIR)/UberTest.app/UberTest";
			};
			name = Debug;
		};
		821CE62A1F286BFD0096AD15 /* Release */ = {
			isa = XCBuildConfiguration;
			buildSettings = {
				ALWAYS_EMBED_SWIFT_STANDARD_LIBRARIES = YES;
				BUNDLE_LOADER = "$(TEST_HOST)";
				DEVELOPMENT_TEAM = ZY929FY943;
				INFOPLIST_FILE = UberTestTests/Info.plist;
				LD_RUNPATH_SEARCH_PATHS = "$(inherited) @executable_path/Frameworks @loader_path/Frameworks";
				PRODUCT_BUNDLE_IDENTIFIER = cool.app.com.UberTestTests;
				PRODUCT_NAME = "$(TARGET_NAME)";
				SWIFT_VERSION = 3.0;
				TEST_HOST = "$(BUILT_PRODUCTS_DIR)/UberTest.app/UberTest";
			};
			name = Release;
		};
		821CE62C1F286BFD0096AD15 /* Debug */ = {
			isa = XCBuildConfiguration;
			buildSettings = {
				ALWAYS_EMBED_SWIFT_STANDARD_LIBRARIES = YES;
				DEVELOPMENT_TEAM = ZY929FY943;
				INFOPLIST_FILE = UberTestUITests/Info.plist;
				LD_RUNPATH_SEARCH_PATHS = "$(inherited) @executable_path/Frameworks @loader_path/Frameworks";
				PRODUCT_BUNDLE_IDENTIFIER = cool.app.com.UberTestUITests;
				PRODUCT_NAME = "$(TARGET_NAME)";
				SWIFT_VERSION = 3.0;
				TEST_TARGET_NAME = UberTest;
			};
			name = Debug;
		};
		821CE62D1F286BFD0096AD15 /* Release */ = {
			isa = XCBuildConfiguration;
			buildSettings = {
				ALWAYS_EMBED_SWIFT_STANDARD_LIBRARIES = YES;
				DEVELOPMENT_TEAM = ZY929FY943;
				INFOPLIST_FILE = UberTestUITests/Info.plist;
				LD_RUNPATH_SEARCH_PATHS = "$(inherited) @executable_path/Frameworks @loader_path/Frameworks";
				PRODUCT_BUNDLE_IDENTIFIER = cool.app.com.UberTestUITests;
				PRODUCT_NAME = "$(TARGET_NAME)";
				SWIFT_VERSION = 3.0;
				TEST_TARGET_NAME = UberTest;
			};
			name = Release;
		};
/* End XCBuildConfiguration section */

/* Begin XCConfigurationList section */
		821CE5F81F286BFD0096AD15 /* Build configuration list for PBXProject "UberTest" */ = {
			isa = XCConfigurationList;
			buildConfigurations = (
				821CE6231F286BFD0096AD15 /* Debug */,
				821CE6241F286BFD0096AD15 /* Release */,
			);
			defaultConfigurationIsVisible = 0;
			defaultConfigurationName = Release;
		};
		821CE6251F286BFD0096AD15 /* Build configuration list for PBXNativeTarget "UberTest" */ = {
			isa = XCConfigurationList;
			buildConfigurations = (
				821CE6261F286BFD0096AD15 /* Debug */,
				821CE6271F286BFD0096AD15 /* Release */,
			);
			defaultConfigurationIsVisible = 0;
			defaultConfigurationName = Release;
		};
		821CE6281F286BFD0096AD15 /* Build configuration list for PBXNativeTarget "UberTestTests" */ = {
			isa = XCConfigurationList;
			buildConfigurations = (
				821CE6291F286BFD0096AD15 /* Debug */,
				821CE62A1F286BFD0096AD15 /* Release */,
			);
			defaultConfigurationIsVisible = 0;
			defaultConfigurationName = Release;
		};
		821CE62B1F286BFD0096AD15 /* Build configuration list for PBXNativeTarget "UberTestUITests" */ = {
			isa = XCConfigurationList;
			buildConfigurations = (
				821CE62C1F286BFD0096AD15 /* Debug */,
				821CE62D1F286BFD0096AD15 /* Release */,
			);
			defaultConfigurationIsVisible = 0;
			defaultConfigurationName = Release;
		};
/* End XCConfigurationList section */
	};
	rootObject = 821CE5F51F286BFD0096AD15 /* Project object */;
}
